
Microsoft Visual Studio Solution File, Format Version 12.00
# Visual Studio Version 17
VisualStudioVersion = 17.0.31903.59
MinimumVisualStudioVersion = 10.0.40219.1
Project("{2150E333-8FDC-42A3-9474-1A3956D46DE8}") = "src", "src", "{827E0CD3-B72D-47B6-A68D-7590B98EB39B}"
EndProject
Project("{2150E333-8FDC-42A3-9474-1A3956D46DE8}") = "tests", "tests", "{A1B2C3D4-E5F6-7890-ABCD-EF1234567890}"
EndProject
Project("{2150E333-8FDC-42A3-9474-1A3956D46DE8}") = "deploy", "deploy", "{B1C2D3E4-F5A6-7890-BCDE-F12345678901}"
	ProjectSection(SolutionItems) = preProject
		deploy\aws\parameters.dev.json = deploy\aws\parameters.dev.json
		deploy\aws\parameters.prod.json = deploy\aws\parameters.prod.json
		deploy\aws\template.yaml = deploy\aws\template.yaml
	EndProjectSection
EndProject
Project("{FAE04EC0-301F-11D3-BF4B-00C04F79EFBC}") = "Order.Api", "src\Order.Api\Order.Api.csproj", "{CA8CB0EF-791B-4E95-9E1D-FDEBB53FC35C}"
EndProject
Project("{FAE04EC0-301F-11D3-BF4B-00C04F79EFBC}") = "Payment.Api", "src\Payment.Api\Payment.Api.csproj", "{D2E3F4A5-B6C7-4890-CDEF-123456789ABC}"
EndProject
Project("{FAE04EC0-301F-11D3-BF4B-00C04F79EFBC}") = "Order.UnitTests", "tests\Order.UnitTests\Order.UnitTests.csproj", "{700775A5-1DD4-444E-85C2-9FE38701FC02}"
EndProject
Project("{FAE04EC0-301F-11D3-BF4B-00C04F79EFBC}") = "Order.IntegrationTests", "tests\Order.IntegrationTests\Order.IntegrationTests.csproj", "{400E8A3F-A82E-42D4-9E57-39526FC9BA06}"
EndProject
Global
	GlobalSection(SolutionConfigurationPlatforms) = preSolution
		Debug|Any CPU = Debug|Any CPU
		Debug|x64 = Debug|x64
		Debug|x86 = Debug|x86
		Release|Any CPU = Release|Any CPU
		Release|x64 = Release|x64
		Release|x86 = Release|x86
	EndGlobalSection
	GlobalSection(ProjectConfigurationPlatforms) = postSolution
		{CA8CB0EF-791B-4E95-9E1D-FDEBB53FC35C}.Debug|Any CPU.ActiveCfg = Debug|Any CPU
		{CA8CB0EF-791B-4E95-9E1D-FDEBB53FC35C}.Debug|Any CPU.Build.0 = Debug|Any CPU
		{CA8CB0EF-791B-4E95-9E1D-FDEBB53FC35C}.Debug|x64.ActiveCfg = Debug|Any CPU
		{CA8CB0EF-791B-4E95-9E1D-FDEBB53FC35C}.Debug|x64.Build.0 = Debug|Any CPU
		{CA8CB0EF-791B-4E95-9E1D-FDEBB53FC35C}.Debug|x86.ActiveCfg = Debug|Any CPU
		{CA8CB0EF-791B-4E95-9E1D-FDEBB53FC35C}.Debug|x86.Build.0 = Debug|Any CPU
		{CA8CB0EF-791B-4E95-9E1D-FDEBB53FC35C}.Release|Any CPU.ActiveCfg = Release|Any CPU
		{CA8CB0EF-791B-4E95-9E1D-FDEBB53FC35C}.Release|Any CPU.Build.0 = Release|Any CPU
		{CA8CB0EF-791B-4E95-9E1D-FDEBB53FC35C}.Release|x64.ActiveCfg = Release|Any CPU
		{CA8CB0EF-791B-4E95-9E1D-FDEBB53FC35C}.Release|x64.Build.0 = Release|Any CPU
		{CA8CB0EF-791B-4E95-9E1D-FDEBB53FC35C}.Release|x86.ActiveCfg = Release|Any CPU
		{CA8CB0EF-791B-4E95-9E1D-FDEBB53FC35C}.Release|x86.Build.0 = Release|Any CPU
		{D2E3F4A5-B6C7-4890-CDEF-123456789ABC}.Debug|Any CPU.ActiveCfg = Debug|Any CPU
		{D2E3F4A5-B6C7-4890-CDEF-123456789ABC}.Debug|Any CPU.Build.0 = Debug|Any CPU
		{D2E3F4A5-B6C7-4890-CDEF-123456789ABC}.Debug|x64.ActiveCfg = Debug|Any CPU
		{D2E3F4A5-B6C7-4890-CDEF-123456789ABC}.Debug|x64.Build.0 = Debug|Any CPU
		{D2E3F4A5-B6C7-4890-CDEF-123456789ABC}.Debug|x86.ActiveCfg = Debug|Any CPU
		{D2E3F4A5-B6C7-4890-CDEF-123456789ABC}.Debug|x86.Build.0 = Debug|Any CPU
		{D2E3F4A5-B6C7-4890-CDEF-123456789ABC}.Release|Any CPU.ActiveCfg = Release|Any CPU
		{D2E3F4A5-B6C7-4890-CDEF-123456789ABC}.Release|Any CPU.Build.0 = Release|Any CPU
		{D2E3F4A5-B6C7-4890-CDEF-123456789ABC}.Release|x64.ActiveCfg = Release|Any CPU
		{D2E3F4A5-B6C7-4890-CDEF-123456789ABC}.Release|x64.Build.0 = Release|Any CPU
		{D2E3F4A5-B6C7-4890-CDEF-123456789ABC}.Release|x86.ActiveCfg = Release|Any CPU
		{D2E3F4A5-B6C7-4890-CDEF-123456789ABC}.Release|x86.Build.0 = Release|Any CPU
		{700775A5-1DD4-444E-85C2-9FE38701FC02}.Debug|Any CPU.ActiveCfg = Debug|Any CPU
		{700775A5-1DD4-444E-85C2-9FE38701FC02}.Debug|Any CPU.Build.0 = Debug|Any CPU
		{700775A5-1DD4-444E-85C2-9FE38701FC02}.Debug|x64.ActiveCfg = Debug|Any CPU
		{700775A5-1DD4-444E-85C2-9FE38701FC02}.Debug|x64.Build.0 = Debug|Any CPU
		{700775A5-1DD4-444E-85C2-9FE38701FC02}.Debug|x86.ActiveCfg = Debug|Any CPU
		{700775A5-1DD4-444E-85C2-9FE38701FC02}.Debug|x86.Build.0 = Debug|Any CPU
		{700775A5-1DD4-444E-85C2-9FE38701FC02}.Release|Any CPU.ActiveCfg = Release|Any CPU
		{700775A5-1DD4-444E-85C2-9FE38701FC02}.Release|Any CPU.Build.0 = Release|Any CPU
		{700775A5-1DD4-444E-85C2-9FE38701FC02}.Release|x64.ActiveCfg = Release|Any CPU
		{700775A5-1DD4-444E-85C2-9FE38701FC02}.Release|x64.Build.0 = Release|Any CPU
		{700775A5-1DD4-444E-85C2-9FE38701FC02}.Release|x86.ActiveCfg = Release|Any CPU
		{700775A5-1DD4-444E-85C2-9FE38701FC02}.Release|x86.Build.0 = Release|Any CPU
		{400E8A3F-A82E-42D4-9E57-39526FC9BA06}.Debug|Any CPU.ActiveCfg = Debug|Any CPU
		{400E8A3F-A82E-42D4-9E57-39526FC9BA06}.Debug|Any CPU.Build.0 = Debug|Any CPU
		{400E8A3F-A82E-42D4-9E57-39526FC9BA06}.Debug|x64.ActiveCfg = Debug|Any CPU
		{400E8A3F-A82E-42D4-9E57-39526FC9BA06}.Debug|x64.Build.0 = Debug|Any CPU
		{400E8A3F-A82E-42D4-9E57-39526FC9BA06}.Debug|x86.ActiveCfg = Debug|Any CPU
		{400E8A3F-A82E-42D4-9E57-39526FC9BA06}.Debug|x86.Build.0 = Debug|Any CPU
		{400E8A3F-A82E-42D4-9E57-39526FC9BA06}.Release|Any CPU.ActiveCfg = Release|Any CPU
		{400E8A3F-A82E-42D4-9E57-39526FC9BA06}.Release|Any CPU.Build.0 = Release|Any CPU
		{400E8A3F-A82E-42D4-9E57-39526FC9BA06}.Release|x64.ActiveCfg = Release|Any CPU
		{400E8A3F-A82E-42D4-9E57-39526FC9BA06}.Release|x64.Build.0 = Release|Any CPU
		{400E8A3F-A82E-42D4-9E57-39526FC9BA06}.Release|x86.ActiveCfg = Release|Any CPU
		{400E8A3F-A82E-42D4-9E57-39526FC9BA06}.Release|x86.Build.0 = Release|Any CPU
	EndGlobalSection
	GlobalSection(SolutionProperties) = preSolution
		HideSolutionNode = FALSE
	EndGlobalSection
	GlobalSection(NestedProjects) = preSolution
		{CA8CB0EF-791B-4E95-9E1D-FDEBB53FC35C} = {827E0CD3-B72D-47B6-A68D-7590B98EB39B}
		{D2E3F4A5-B6C7-4890-CDEF-123456789ABC} = {827E0CD3-B72D-47B6-A68D-7590B98EB39B}
		{700775A5-1DD4-444E-85C2-9FE38701FC02} = {A1B2C3D4-E5F6-7890-ABCD-EF1234567890}
		{400E8A3F-A82E-42D4-9E57-39526FC9BA06} = {A1B2C3D4-E5F6-7890-ABCD-EF1234567890}
	EndGlobalSection
EndGlobal
